
Microsoft Visual Studio Solution File, Format Version 12.00
# Visual Studio Version 17
VisualStudioVersion = 17.10.34707.107
MinimumVisualStudioVersion = 10.0.40219.1
Project("{9A19103F-16F7-4668-BE54-9A1E7A4F7556}") = "DevFramework.Core", "DevFramework.Core\DevFramework.Core.csproj", "{E4118919-3CCB-453C-AEA1-12665AF6F481}"
EndProject
Project("{9A19103F-16F7-4668-BE54-9A1E7A4F7556}") = "DevFramework.Northwind.Entities", "DevFramework.Northwind.Entities\DevFramework.Northwind.Entities.csproj", "{09384363-3278-4E48-90F0-CABD5E997973}"
EndProject
Project("{9A19103F-16F7-4668-BE54-9A1E7A4F7556}") = "DevFramework.Northwind.DataAccess", "DevFramework.Northwind.DataAccess\DevFramework.Northwind.DataAccess.csproj", "{D4A90D6B-1B99-461F-A4F4-7E86B60F8077}"
EndProject
Project("{9A19103F-16F7-4668-BE54-9A1E7A4F7556}") = "DevFramework.Northwind.Business", "DevFramework.Northwind.Business\DevFramework.Northwind.Business.csproj", "{6B437D81-71D5-4C08-9F76-D4E040070A31}"
EndProject
Project("{9A19103F-16F7-4668-BE54-9A1E7A4F7556}") = "DevFramework.Northwind.MvcWebUI", "DevFramework.Northwind.MvcWebUI\DevFramework.Northwind.MvcWebUI.csproj", "{6D001944-C34F-421D-B17E-DA3DB335541E}"
EndProject
Project("{9A19103F-16F7-4668-BE54-9A1E7A4F7556}") = "DevFramework.Northwind.WebApi", "DevFramework.Northwind.WebApi\DevFramework.Northwind.WebApi.csproj", "{AB258A7F-480D-4CD3-97D5-296D3467C208}"
EndProject
Project("{FAE04EC0-301F-11D3-BF4B-00C04F79EFBC}") = "DevFramework.Northwind.DataAccess.Tests", "DevFramework.Northwind.DataAccess.Tests\DevFramework.Northwind.DataAccess.Tests.csproj", "{F3989CDB-3602-4C83-B749-D4360B9DF518}"
EndProject
Project("{FAE04EC0-301F-11D3-BF4B-00C04F79EFBC}") = "DevFramework.Northwind.Business.Tests", "DevFramework.Northwind.Business.Tests\DevFramework.Northwind.Business.Tests.csproj", "{BD9AB8AC-C2F0-4BD0-9E8B-B021DD15C804}"
EndProject
Project("{FAE04EC0-301F-11D3-BF4B-00C04F79EFBC}") = "DevFramework.Northwind.MvcWebUI.Tests", "DevFramework.Northwind.MvcWebUI.Tests\DevFramework.Northwind.MvcWebUI.Tests.csproj", "{61FB7B01-A76F-4EE8-8E8E-CC6D0BE47AEC}"
EndProject
Global
	GlobalSection(SolutionConfigurationPlatforms) = preSolution
		Debug|Any CPU = Debug|Any CPU
		Release|Any CPU = Release|Any CPU
	EndGlobalSection
	GlobalSection(ProjectConfigurationPlatforms) = postSolution
		{E4118919-3CCB-453C-AEA1-12665AF6F481}.Debug|Any CPU.ActiveCfg = Debug|Any CPU
		{E4118919-3CCB-453C-AEA1-12665AF6F481}.Debug|Any CPU.Build.0 = Debug|Any CPU
		{E4118919-3CCB-453C-AEA1-12665AF6F481}.Release|Any CPU.ActiveCfg = Release|Any CPU
		{E4118919-3CCB-453C-AEA1-12665AF6F481}.Release|Any CPU.Build.0 = Release|Any CPU
		{09384363-3278-4E48-90F0-CABD5E997973}.Debug|Any CPU.ActiveCfg = Debug|Any CPU
		{09384363-3278-4E48-90F0-CABD5E997973}.Debug|Any CPU.Build.0 = Debug|Any CPU
		{09384363-3278-4E48-90F0-CABD5E997973}.Release|Any CPU.ActiveCfg = Release|Any CPU
		{09384363-3278-4E48-90F0-CABD5E997973}.Release|Any CPU.Build.0 = Release|Any CPU
		{D4A90D6B-1B99-461F-A4F4-7E86B60F8077}.Debug|Any CPU.ActiveCfg = Debug|Any CPU
		{D4A90D6B-1B99-461F-A4F4-7E86B60F8077}.Debug|Any CPU.Build.0 = Debug|Any CPU
		{D4A90D6B-1B99-461F-A4F4-7E86B60F8077}.Release|Any CPU.ActiveCfg = Release|Any CPU
		{D4A90D6B-1B99-461F-A4F4-7E86B60F8077}.Release|Any CPU.Build.0 = Release|Any CPU
		{6B437D81-71D5-4C08-9F76-D4E040070A31}.Debug|Any CPU.ActiveCfg = Debug|Any CPU
		{6B437D81-71D5-4C08-9F76-D4E040070A31}.Debug|Any CPU.Build.0 = Debug|Any CPU
		{6B437D81-71D5-4C08-9F76-D4E040070A31}.Release|Any CPU.ActiveCfg = Release|Any CPU
		{6B437D81-71D5-4C08-9F76-D4E040070A31}.Release|Any CPU.Build.0 = Release|Any CPU
		{6D001944-C34F-421D-B17E-DA3DB335541E}.Debug|Any CPU.ActiveCfg = Debug|Any CPU
		{6D001944-C34F-421D-B17E-DA3DB335541E}.Debug|Any CPU.Build.0 = Debug|Any CPU
		{6D001944-C34F-421D-B17E-DA3DB335541E}.Release|Any CPU.ActiveCfg = Release|Any CPU
		{6D001944-C34F-421D-B17E-DA3DB335541E}.Release|Any CPU.Build.0 = Release|Any CPU
		{AB258A7F-480D-4CD3-97D5-296D3467C208}.Debug|Any CPU.ActiveCfg = Debug|Any CPU
		{AB258A7F-480D-4CD3-97D5-296D3467C208}.Debug|Any CPU.Build.0 = Debug|Any CPU
		{AB258A7F-480D-4CD3-97D5-296D3467C208}.Release|Any CPU.ActiveCfg = Release|Any CPU
		{AB258A7F-480D-4CD3-97D5-296D3467C208}.Release|Any CPU.Build.0 = Release|Any CPU
		{F3989CDB-3602-4C83-B749-D4360B9DF518}.Debug|Any CPU.ActiveCfg = Debug|Any CPU
		{F3989CDB-3602-4C83-B749-D4360B9DF518}.Debug|Any CPU.Build.0 = Debug|Any CPU
		{F3989CDB-3602-4C83-B749-D4360B9DF518}.Release|Any CPU.ActiveCfg = Release|Any CPU
		{F3989CDB-3602-4C83-B749-D4360B9DF518}.Release|Any CPU.Build.0 = Release|Any CPU
		{BD9AB8AC-C2F0-4BD0-9E8B-B021DD15C804}.Debug|Any CPU.ActiveCfg = Debug|Any CPU
		{BD9AB8AC-C2F0-4BD0-9E8B-B021DD15C804}.Debug|Any CPU.Build.0 = Debug|Any CPU
		{BD9AB8AC-C2F0-4BD0-9E8B-B021DD15C804}.Release|Any CPU.ActiveCfg = Release|Any CPU
		{BD9AB8AC-C2F0-4BD0-9E8B-B021DD15C804}.Release|Any CPU.Build.0 = Release|Any CPU
		{61FB7B01-A76F-4EE8-8E8E-CC6D0BE47AEC}.Debug|Any CPU.ActiveCfg = Debug|Any CPU
		{61FB7B01-A76F-4EE8-8E8E-CC6D0BE47AEC}.Debug|Any CPU.Build.0 = Debug|Any CPU
		{61FB7B01-A76F-4EE8-8E8E-CC6D0BE47AEC}.Release|Any CPU.ActiveCfg = Release|Any CPU
		{61FB7B01-A76F-4EE8-8E8E-CC6D0BE47AEC}.Release|Any CPU.Build.0 = Release|Any CPU
	EndGlobalSection
	GlobalSection(SolutionProperties) = preSolution
		HideSolutionNode = FALSE
	EndGlobalSection
	GlobalSection(ExtensibilityGlobals) = postSolution
		SolutionGuid = {6C666865-8308-473C-A9CC-758FC6D38738}
	EndGlobalSection
EndGlobal
